{
  "name": "5310-Fall-2023-Assignment-4",
  "lockfileVersion": 3,
  "requires": true,
  "packages": {
    "": {
      "devDependencies": {
        "ts-shader-loader": "^2.0.2"
      }
    },
    "node_modules/loader-utils": {
      "version": "3.2.1",
      "resolved": "https://registry.npmjs.org/loader-utils/-/loader-utils-3.2.1.tgz",
      "integrity": "sha512-ZvFw1KWS3GVyYBYb7qkmRM/WwL2TQQBxgCK62rlvm4WpVQ23Nb4tYjApUlfjrEGvOs7KHEsmyUn75OHZrJMWPw==",
      "dev": true,
      "engines": {
        "node": ">= 12.13.0"
      }
    },
    "node_modules/ts-shader-loader": {
      "version": "2.0.2",
      "resolved": "https://registry.npmjs.org/ts-shader-loader/-/ts-shader-loader-2.0.2.tgz",
      "integrity": "sha512-PMdxdDQoS9D3O+UZ4y8Ul4AwXjTdvBiZHOLRnjkUbgNJyA1p0c4U2YXggqIGw7apCyoBP80QJz2Y+YcZMFHoVg==",
      "dev": true,
      "dependencies": {
        "loader-utils": "^3.2.0"
      }
    }
  }
}
